{
  "name": "nexus-aof-games-monorepo",
  "version": "1.0.0",
  "lockfileVersion": 3,
  "requires": true,
  "packages": {
    "": {
      "name": "nexus-aof-games-monorepo",
      "version": "1.0.0",
      "license": "UNLICENSED",
      "engines": {
        "node": "20.x",
        "npm": ">=10.0.0"
      }
    }
  }
}
